
Microsoft Visual Studio Solution File, Format Version 12.00
# Visual Studio Version 16
VisualStudioVersion = 16.0.31321.278
MinimumVisualStudioVersion = 10.0.40219.1
Project("{FAE04EC0-301F-11D3-BF4B-00C04F79EFBC}") = "SistemaLogin", "SistemaLogin\SistemaLogin.csproj", "{9721B358-2850-460B-8D38-5D4ACD60786A}"
EndProject
Global
	GlobalSection(SolutionConfigurationPlatforms) = preSolution
		Debug|Any CPU = Debug|Any CPU
		Release|Any CPU = Release|Any CPU
	EndGlobalSection
	GlobalSection(ProjectConfigurationPlatforms) = postSolution
		{9721B358-2850-460B-8D38-5D4ACD60786A}.Debug|Any CPU.ActiveCfg = Debug|Any CPU
		{9721B358-2850-460B-8D38-5D4ACD60786A}.Debug|Any CPU.Build.0 = Debug|Any CPU
		{9721B358-2850-460B-8D38-5D4ACD60786A}.Release|Any CPU.ActiveCfg = Release|Any CPU
		{9721B358-2850-460B-8D38-5D4ACD60786A}.Release|Any CPU.Build.0 = Release|Any CPU
	EndGlobalSection
	GlobalSection(SolutionProperties) = preSolution
		HideSolutionNode = FALSE
	EndGlobalSection
	GlobalSection(ExtensibilityGlobals) = postSolution
		SolutionGuid = {3FB4966D-29E3-4974-984C-4E1AF8A937F0}
	EndGlobalSection
EndGlobal
